
Microsoft Visual Studio Solution File, Format Version 12.00
# Visual Studio 15
VisualStudioVersion = 15.0.26730.16
MinimumVisualStudioVersion = 10.0.40219.1
Project("{FAE04EC0-301F-11D3-BF4B-00C04F79EFBC}") = "BookService", "BookService\BookService.csproj", "{9565AF89-D518-4BD2-82E2-664536BCE301}"
EndProject
Global
	GlobalSection(SolutionConfigurationPlatforms) = preSolution
		Debug|Any CPU = Debug|Any CPU
		Release|Any CPU = Release|Any CPU
	EndGlobalSection
	GlobalSection(ProjectConfigurationPlatforms) = postSolution
		{9565AF89-D518-4BD2-82E2-664536BCE301}.Debug|Any CPU.ActiveCfg = Debug|Any CPU
		{9565AF89-D518-4BD2-82E2-664536BCE301}.Debug|Any CPU.Build.0 = Debug|Any CPU
		{9565AF89-D518-4BD2-82E2-664536BCE301}.Release|Any CPU.ActiveCfg = Release|Any CPU
		{9565AF89-D518-4BD2-82E2-664536BCE301}.Release|Any CPU.Build.0 = Release|Any CPU
	EndGlobalSection
	GlobalSection(SolutionProperties) = preSolution
		HideSolutionNode = FALSE
	EndGlobalSection
	GlobalSection(ExtensibilityGlobals) = postSolution
		SolutionGuid = {C1163A89-1437-486E-AFA1-6F25DFDF1C03}
	EndGlobalSection
EndGlobal
